
Microsoft Visual Studio Solution File, Format Version 12.00
# Visual Studio Version 17
VisualStudioVersion = 17.14.36414.22 d17.14
MinimumVisualStudioVersion = 10.0.40219.1
Project("{FAE04EC0-301F-11D3-BF4B-00C04F79EFBC}") = "Client", "Client\Client.csproj", "{FEFB46BF-0AB5-4425-B455-C99F3C0B4974}"
EndProject
Project("{FAE04EC0-301F-11D3-BF4B-00C04F79EFBC}") = "Server", "Server\Server.csproj", "{04E05DD9-4F38-4C62-B97D-C49A1DEFE30F}"
EndProject
Global
	GlobalSection(SolutionConfigurationPlatforms) = preSolution
		Debug|Any CPU = Debug|Any CPU
		Release|Any CPU = Release|Any CPU
	EndGlobalSection
	GlobalSection(ProjectConfigurationPlatforms) = postSolution
		{FEFB46BF-0AB5-4425-B455-C99F3C0B4974}.Debug|Any CPU.ActiveCfg = Debug|Any CPU
		{FEFB46BF-0AB5-4425-B455-C99F3C0B4974}.Debug|Any CPU.Build.0 = Debug|Any CPU
		{FEFB46BF-0AB5-4425-B455-C99F3C0B4974}.Release|Any CPU.ActiveCfg = Release|Any CPU
		{FEFB46BF-0AB5-4425-B455-C99F3C0B4974}.Release|Any CPU.Build.0 = Release|Any CPU
		{04E05DD9-4F38-4C62-B97D-C49A1DEFE30F}.Debug|Any CPU.ActiveCfg = Debug|Any CPU
		{04E05DD9-4F38-4C62-B97D-C49A1DEFE30F}.Debug|Any CPU.Build.0 = Debug|Any CPU
		{04E05DD9-4F38-4C62-B97D-C49A1DEFE30F}.Release|Any CPU.ActiveCfg = Release|Any CPU
		{04E05DD9-4F38-4C62-B97D-C49A1DEFE30F}.Release|Any CPU.Build.0 = Release|Any CPU
	EndGlobalSection
	GlobalSection(SolutionProperties) = preSolution
		HideSolutionNode = FALSE
	EndGlobalSection
	GlobalSection(ExtensibilityGlobals) = postSolution
		SolutionGuid = {7A8A9FB4-0973-4293-9517-48E9EC416C30}
	EndGlobalSection
EndGlobal
